
Microsoft Visual Studio Solution File, Format Version 12.00
# Visual Studio Version 16
VisualStudioVersion = 16.0.31402.337
MinimumVisualStudioVersion = 10.0.40219.1
Project("{9A19103F-16F7-4668-BE54-9A1E7A4F7556}") = "Footballers", "Footballers.csproj", "{2272D3F6-3A90-4A2D-B27C-44A9E1BCE660}"
EndProject
Global
	GlobalSection(SolutionConfigurationPlatforms) = preSolution
		Debug|Any CPU = Debug|Any CPU
		Release|Any CPU = Release|Any CPU
	EndGlobalSection
	GlobalSection(ProjectConfigurationPlatforms) = postSolution
		{2272D3F6-3A90-4A2D-B27C-44A9E1BCE660}.Debug|Any CPU.ActiveCfg = Debug|Any CPU
		{2272D3F6-3A90-4A2D-B27C-44A9E1BCE660}.Debug|Any CPU.Build.0 = Debug|Any CPU
		{2272D3F6-3A90-4A2D-B27C-44A9E1BCE660}.Release|Any CPU.ActiveCfg = Release|Any CPU
		{2272D3F6-3A90-4A2D-B27C-44A9E1BCE660}.Release|Any CPU.Build.0 = Release|Any CPU
	EndGlobalSection
	GlobalSection(SolutionProperties) = preSolution
		HideSolutionNode = FALSE
	EndGlobalSection
	GlobalSection(ExtensibilityGlobals) = postSolution
		SolutionGuid = {FCA69277-AB3F-423A-9C99-A11F5C9FEA86}
	EndGlobalSection
EndGlobal
