
Microsoft Visual Studio Solution File, Format Version 12.00
# Visual Studio Version 16
VisualStudioVersion = 16.0.31402.337
MinimumVisualStudioVersion = 10.0.40219.1
Project("{9A19103F-16F7-4668-BE54-9A1E7A4F7556}") = "BookShop", "BookShop.csproj", "{0D8CF910-E5B7-4745-813A-59B942CBEB1B}"
EndProject
Global
	GlobalSection(SolutionConfigurationPlatforms) = preSolution
		Debug|Any CPU = Debug|Any CPU
		Release|Any CPU = Release|Any CPU
	EndGlobalSection
	GlobalSection(ProjectConfigurationPlatforms) = postSolution
		{0D8CF910-E5B7-4745-813A-59B942CBEB1B}.Debug|Any CPU.ActiveCfg = Debug|Any CPU
		{0D8CF910-E5B7-4745-813A-59B942CBEB1B}.Debug|Any CPU.Build.0 = Debug|Any CPU
		{0D8CF910-E5B7-4745-813A-59B942CBEB1B}.Release|Any CPU.ActiveCfg = Release|Any CPU
		{0D8CF910-E5B7-4745-813A-59B942CBEB1B}.Release|Any CPU.Build.0 = Release|Any CPU
	EndGlobalSection
	GlobalSection(SolutionProperties) = preSolution
		HideSolutionNode = FALSE
	EndGlobalSection
	GlobalSection(ExtensibilityGlobals) = postSolution
		SolutionGuid = {C90B535D-9F06-47D2-BC90-8F18807E3732}
	EndGlobalSection
EndGlobal
