
Microsoft Visual Studio Solution File, Format Version 12.00
# Visual Studio Version 16
VisualStudioVersion = 16.0.31402.337
MinimumVisualStudioVersion = 10.0.40219.1
Project("{9A19103F-16F7-4668-BE54-9A1E7A4F7556}") = "TeisterMask", "TeisterMask.csproj", "{3FFB6075-925B-4272-AE95-0BE94BE4EBC3}"
EndProject
Global
	GlobalSection(SolutionConfigurationPlatforms) = preSolution
		Debug|Any CPU = Debug|Any CPU
		Release|Any CPU = Release|Any CPU
	EndGlobalSection
	GlobalSection(ProjectConfigurationPlatforms) = postSolution
		{3FFB6075-925B-4272-AE95-0BE94BE4EBC3}.Debug|Any CPU.ActiveCfg = Debug|Any CPU
		{3FFB6075-925B-4272-AE95-0BE94BE4EBC3}.Debug|Any CPU.Build.0 = Debug|Any CPU
		{3FFB6075-925B-4272-AE95-0BE94BE4EBC3}.Release|Any CPU.ActiveCfg = Release|Any CPU
		{3FFB6075-925B-4272-AE95-0BE94BE4EBC3}.Release|Any CPU.Build.0 = Release|Any CPU
	EndGlobalSection
	GlobalSection(SolutionProperties) = preSolution
		HideSolutionNode = FALSE
	EndGlobalSection
	GlobalSection(ExtensibilityGlobals) = postSolution
		SolutionGuid = {99B7D848-8C86-487E-BB47-4C1CD350EE4D}
	EndGlobalSection
EndGlobal
